// !$*UTF8*$!
{
	archiveVersion = 1;
	classes = {
	};
	objectVersion = 50;
	objects = {

/* Begin PBXBuildFile section */
		355F4295221B24C2006F129F /* BasicSchoolViewController.swift in Sources */ = {isa = PBXBuildFile; fileRef = 355F4294221B24C2006F129F /* BasicSchoolViewController.swift */; };
		355F4297221B24D4006F129F /* DetailedSchoolViewController.swift in Sources */ = {isa = PBXBuildFile; fileRef = 355F4296221B24D4006F129F /* DetailedSchoolViewController.swift */; };
		355F4299221B2545006F129F /* BasicSchool.swift in Sources */ = {isa = PBXBuildFile; fileRef = 355F4298221B2545006F129F /* BasicSchool.swift */; };
		35A1E40F220BC91800ECF3C9 /* AppDelegate.swift in Sources */ = {isa = PBXBuildFile; fileRef = 35A1E40E220BC91800ECF3C9 /* AppDelegate.swift */; };
		35A1E414220BC91800ECF3C9 /* Main.storyboard in Resources */ = {isa = PBXBuildFile; fileRef = 35A1E412220BC91800ECF3C9 /* Main.storyboard */; };
		35A1E417220BC91800ECF3C9 /* _0190206_CalebRocha_NYCSchools.xcdatamodeld in Sources */ = {isa = PBXBuildFile; fileRef = 35A1E415220BC91800ECF3C9 /* _0190206_CalebRocha_NYCSchools.xcdatamodeld */; };
		35A1E419220BC91E00ECF3C9 /* Assets.xcassets in Resources */ = {isa = PBXBuildFile; fileRef = 35A1E418220BC91E00ECF3C9 /* Assets.xcassets */; };
		35A1E41C220BC91E00ECF3C9 /* LaunchScreen.storyboard in Resources */ = {isa = PBXBuildFile; fileRef = 35A1E41A220BC91E00ECF3C9 /* LaunchScreen.storyboard */; };
		35A1E427220BC91F00ECF3C9 /* _0190206_CalebRocha_NYCSchoolsTests.swift in Sources */ = {isa = PBXBuildFile; fileRef = 35A1E426220BC91F00ECF3C9 /* _0190206_CalebRocha_NYCSchoolsTests.swift */; };
		35A1E432220BC91F00ECF3C9 /* _0190206_CalebRocha_NYCSchoolsUITests.swift in Sources */ = {isa = PBXBuildFile; fileRef = 35A1E431220BC91F00ECF3C9 /* _0190206_CalebRocha_NYCSchoolsUITests.swift */; };
		35B55AB2221CA5E2000400B1 /* SingleWebViewController.swift in Sources */ = {isa = PBXBuildFile; fileRef = 35B55AB1221CA5E2000400B1 /* SingleWebViewController.swift */; };
		6AF79C372B71976CABEE9DAA /* Pods_20190206_CalebRocha_NYCSchoolsTests.framework in Frameworks */ = {isa = PBXBuildFile; fileRef = 75BB9A31B1B91C55E21CEBEB /* Pods_20190206_CalebRocha_NYCSchoolsTests.framework */; };
		AE03ED782825DD14BE44A4CD /* Pods_20190206_CalebRocha_NYCSchools.framework in Frameworks */ = {isa = PBXBuildFile; fileRef = 879DF884CD2620477C333D9D /* Pods_20190206_CalebRocha_NYCSchools.framework */; };
		EA9964788AEA3D67709BCEDF /* Pods_20190206_CalebRocha_NYCSchoolsUITests.framework in Frameworks */ = {isa = PBXBuildFile; fileRef = 76026004AC22057E9B57F14B /* Pods_20190206_CalebRocha_NYCSchoolsUITests.framework */; };
/* End PBXBuildFile section */

/* Begin PBXContainerItemProxy section */
		35A1E423220BC91F00ECF3C9 /* PBXContainerItemProxy */ = {
			isa = PBXContainerItemProxy;
			containerPortal = 35A1E403220BC91800ECF3C9 /* Project object */;
			proxyType = 1;
			remoteGlobalIDString = 35A1E40A220BC91800ECF3C9;
			remoteInfo = "20190206-CalebRocha-NYCSchools";
		};
		35A1E42E220BC91F00ECF3C9 /* PBXContainerItemProxy */ = {
			isa = PBXContainerItemProxy;
			containerPortal = 35A1E403220BC91800ECF3C9 /* Project object */;
			proxyType = 1;
			remoteGlobalIDString = 35A1E40A220BC91800ECF3C9;
			remoteInfo = "20190206-CalebRocha-NYCSchools";
		};
/* End PBXContainerItemProxy section */

/* Begin PBXFileReference section */
		355F4294221B24C2006F129F /* BasicSchoolViewController.swift */ = {isa = PBXFileReference; lastKnownFileType = sourcecode.swift; path = BasicSchoolViewController.swift; sourceTree = "<group>"; };
		355F4296221B24D4006F129F /* DetailedSchoolViewController.swift */ = {isa = PBXFileReference; lastKnownFileType = sourcecode.swift; path = DetailedSchoolViewController.swift; sourceTree = "<group>"; };
		355F4298221B2545006F129F /* BasicSchool.swift */ = {isa = PBXFileReference; lastKnownFileType = sourcecode.swift; path = BasicSchool.swift; sourceTree = "<group>"; };
		35A1E40B220BC91800ECF3C9 /* 20190206-CalebRocha-NYCSchools.app */ = {isa = PBXFileReference; explicitFileType = wrapper.application; includeInIndex = 0; path = "20190206-CalebRocha-NYCSchools.app"; sourceTree = BUILT_PRODUCTS_DIR; };
		35A1E40E220BC91800ECF3C9 /* AppDelegate.swift */ = {isa = PBXFileReference; lastKnownFileType = sourcecode.swift; path = AppDelegate.swift; sourceTree = "<group>"; };
		35A1E413220BC91800ECF3C9 /* Base */ = {isa = PBXFileReference; lastKnownFileType = file.storyboard; name = Base; path = Base.lproj/Main.storyboard; sourceTree = "<group>"; };
		35A1E416220BC91800ECF3C9 /* _0190206_CalebRocha_NYCSchools.xcdatamodel */ = {isa = PBXFileReference; lastKnownFileType = wrapper.xcdatamodel; path = _0190206_CalebRocha_NYCSchools.xcdatamodel; sourceTree = "<group>"; };
		35A1E418220BC91E00ECF3C9 /* Assets.xcassets */ = {isa = PBXFileReference; lastKnownFileType = folder.assetcatalog; path = Assets.xcassets; sourceTree = "<group>"; };
		35A1E41B220BC91E00ECF3C9 /* Base */ = {isa = PBXFileReference; lastKnownFileType = file.storyboard; name = Base; path = Base.lproj/LaunchScreen.storyboard; sourceTree = "<group>"; };
		35A1E41D220BC91E00ECF3C9 /* Info.plist */ = {isa = PBXFileReference; lastKnownFileType = text.plist.xml; path = Info.plist; sourceTree = "<group>"; };
		35A1E422220BC91F00ECF3C9 /* 20190206-CalebRocha-NYCSchoolsTests.xctest */ = {isa = PBXFileReference; explicitFileType = wrapper.cfbundle; includeInIndex = 0; path = "20190206-CalebRocha-NYCSchoolsTests.xctest"; sourceTree = BUILT_PRODUCTS_DIR; };
		35A1E426220BC91F00ECF3C9 /* _0190206_CalebRocha_NYCSchoolsTests.swift */ = {isa = PBXFileReference; lastKnownFileType = sourcecode.swift; path = _0190206_CalebRocha_NYCSchoolsTests.swift; sourceTree = "<group>"; };
		35A1E428220BC91F00ECF3C9 /* Info.plist */ = {isa = PBXFileReference; lastKnownFileType = text.plist.xml; path = Info.plist; sourceTree = "<group>"; };
		35A1E42D220BC91F00ECF3C9 /* 20190206-CalebRocha-NYCSchoolsUITests.xctest */ = {isa = PBXFileReference; explicitFileType = wrapper.cfbundle; includeInIndex = 0; path = "20190206-CalebRocha-NYCSchoolsUITests.xctest"; sourceTree = BUILT_PRODUCTS_DIR; };
		35A1E431220BC91F00ECF3C9 /* _0190206_CalebRocha_NYCSchoolsUITests.swift */ = {isa = PBXFileReference; lastKnownFileType = sourcecode.swift; path = _0190206_CalebRocha_NYCSchoolsUITests.swift; sourceTree = "<group>"; };
		35A1E433220BC91F00ECF3C9 /* Info.plist */ = {isa = PBXFileReference; lastKnownFileType = text.plist.xml; path = Info.plist; sourceTree = "<group>"; };
		35B55AB1221CA5E2000400B1 /* SingleWebViewController.swift */ = {isa = PBXFileReference; lastKnownFileType = sourcecode.swift; path = SingleWebViewController.swift; sourceTree = "<group>"; };
		3A8571407218BCFEDA7E2A87 /* Pods-20190206-CalebRocha-NYCSchoolsTests.release.xcconfig */ = {isa = PBXFileReference; includeInIndex = 1; lastKnownFileType = text.xcconfig; name = "Pods-20190206-CalebRocha-NYCSchoolsTests.release.xcconfig"; path = "Target Support Files/Pods-20190206-CalebRocha-NYCSchoolsTests/Pods-20190206-CalebRocha-NYCSchoolsTests.release.xcconfig"; sourceTree = "<group>"; };
		50A03F54DD6F5F35E5ED9050 /* Pods-20190206-CalebRocha-NYCSchoolsUITests.debug.xcconfig */ = {isa = PBXFileReference; includeInIndex = 1; lastKnownFileType = text.xcconfig; name = "Pods-20190206-CalebRocha-NYCSchoolsUITests.debug.xcconfig"; path = "Target Support Files/Pods-20190206-CalebRocha-NYCSchoolsUITests/Pods-20190206-CalebRocha-NYCSchoolsUITests.debug.xcconfig"; sourceTree = "<group>"; };
		75BB9A31B1B91C55E21CEBEB /* Pods_20190206_CalebRocha_NYCSchoolsTests.framework */ = {isa = PBXFileReference; explicitFileType = wrapper.framework; includeInIndex = 0; path = Pods_20190206_CalebRocha_NYCSchoolsTests.framework; sourceTree = BUILT_PRODUCTS_DIR; };
		76026004AC22057E9B57F14B /* Pods_20190206_CalebRocha_NYCSchoolsUITests.framework */ = {isa = PBXFileReference; explicitFileType = wrapper.framework; includeInIndex = 0; path = Pods_20190206_CalebRocha_NYCSchoolsUITests.framework; sourceTree = BUILT_PRODUCTS_DIR; };
		879DF884CD2620477C333D9D /* Pods_20190206_CalebRocha_NYCSchools.framework */ = {isa = PBXFileReference; explicitFileType = wrapper.framework; includeInIndex = 0; path = Pods_20190206_CalebRocha_NYCSchools.framework; sourceTree = BUILT_PRODUCTS_DIR; };
		A5F5BA207F48B58FCF68AEED /* Pods-20190206-CalebRocha-NYCSchoolsUITests.release.xcconfig */ = {isa = PBXFileReference; includeInIndex = 1; lastKnownFileType = text.xcconfig; name = "Pods-20190206-CalebRocha-NYCSchoolsUITests.release.xcconfig"; path = "Target Support Files/Pods-20190206-CalebRocha-NYCSchoolsUITests/Pods-20190206-CalebRocha-NYCSchoolsUITests.release.xcconfig"; sourceTree = "<group>"; };
		AD6B4B91138D449BC67CA133 /* Pods-20190206-CalebRocha-NYCSchools.release.xcconfig */ = {isa = PBXFileReference; includeInIndex = 1; lastKnownFileType = text.xcconfig; name = "Pods-20190206-CalebRocha-NYCSchools.release.xcconfig"; path = "Target Support Files/Pods-20190206-CalebRocha-NYCSchools/Pods-20190206-CalebRocha-NYCSchools.release.xcconfig"; sourceTree = "<group>"; };
		AEA99F9DDCB002F6EB383E38 /* Pods-20190206-CalebRocha-NYCSchoolsTests.debug.xcconfig */ = {isa = PBXFileReference; includeInIndex = 1; lastKnownFileType = text.xcconfig; name = "Pods-20190206-CalebRocha-NYCSchoolsTests.debug.xcconfig"; path = "Target Support Files/Pods-20190206-CalebRocha-NYCSchoolsTests/Pods-20190206-CalebRocha-NYCSchoolsTests.debug.xcconfig"; sourceTree = "<group>"; };
		D45EDEAE9E40AB5CA920CE70 /* Pods-20190206-CalebRocha-NYCSchools.debug.xcconfig */ = {isa = PBXFileReference; includeInIndex = 1; lastKnownFileType = text.xcconfig; name = "Pods-20190206-CalebRocha-NYCSchools.debug.xcconfig"; path = "Target Support Files/Pods-20190206-CalebRocha-NYCSchools/Pods-20190206-CalebRocha-NYCSchools.debug.xcconfig"; sourceTree = "<group>"; };
/* End PBXFileReference section */

/* Begin PBXFrameworksBuildPhase section */
		35A1E408220BC91800ECF3C9 /* Frameworks */ = {
			isa = PBXFrameworksBuildPhase;
			buildActionMask = 2147483647;
			files = (
				AE03ED782825DD14BE44A4CD /* Pods_20190206_CalebRocha_NYCSchools.framework in Frameworks */,
			);
			runOnlyForDeploymentPostprocessing = 0;
		};
		35A1E41F220BC91F00ECF3C9 /* Frameworks */ = {
			isa = PBXFrameworksBuildPhase;
			buildActionMask = 2147483647;
			files = (
				6AF79C372B71976CABEE9DAA /* Pods_20190206_CalebRocha_NYCSchoolsTests.framework in Frameworks */,
			);
			runOnlyForDeploymentPostprocessing = 0;
		};
		35A1E42A220BC91F00ECF3C9 /* Frameworks */ = {
			isa = PBXFrameworksBuildPhase;
			buildActionMask = 2147483647;
			files = (
				EA9964788AEA3D67709BCEDF /* Pods_20190206_CalebRocha_NYCSchoolsUITests.framework in Frameworks */,
			);
			runOnlyForDeploymentPostprocessing = 0;
		};
/* End PBXFrameworksBuildPhase section */

/* Begin PBXGroup section */
		355F429A221B25EA006F129F /* Models */ = {
			isa = PBXGroup;
			children = (
				355F4298221B2545006F129F /* BasicSchool.swift */,
			);
			path = Models;
			sourceTree = "<group>";
		};
		355F429B221B2600006F129F /* View Controllers */ = {
			isa = PBXGroup;
			children = (
				355F4294221B24C2006F129F /* BasicSchoolViewController.swift */,
				355F4296221B24D4006F129F /* DetailedSchoolViewController.swift */,
				35B55AB1221CA5E2000400B1 /* SingleWebViewController.swift */,
			);
			path = "View Controllers";
			sourceTree = "<group>";
		};
		35A1E402220BC91800ECF3C9 = {
			isa = PBXGroup;
			children = (
				35A1E40D220BC91800ECF3C9 /* 20190206-CalebRocha-NYCSchools */,
				35A1E425220BC91F00ECF3C9 /* 20190206-CalebRocha-NYCSchoolsTests */,
				35A1E430220BC91F00ECF3C9 /* 20190206-CalebRocha-NYCSchoolsUITests */,
				35A1E40C220BC91800ECF3C9 /* Products */,
				DA31CF8888E21865F725478B /* Pods */,
				E855B10D8DBAAFC03EB45A93 /* Frameworks */,
			);
			sourceTree = "<group>";
		};
		35A1E40C220BC91800ECF3C9 /* Products */ = {
			isa = PBXGroup;
			children = (
				35A1E40B220BC91800ECF3C9 /* 20190206-CalebRocha-NYCSchools.app */,
				35A1E422220BC91F00ECF3C9 /* 20190206-CalebRocha-NYCSchoolsTests.xctest */,
				35A1E42D220BC91F00ECF3C9 /* 20190206-CalebRocha-NYCSchoolsUITests.xctest */,
			);
			name = Products;
			sourceTree = "<group>";
		};
		35A1E40D220BC91800ECF3C9 /* 20190206-CalebRocha-NYCSchools */ = {
			isa = PBXGroup;
			children = (
				35A1E40E220BC91800ECF3C9 /* AppDelegate.swift */,
				35A1E412220BC91800ECF3C9 /* Main.storyboard */,
				35A1E418220BC91E00ECF3C9 /* Assets.xcassets */,
				35A1E41A220BC91E00ECF3C9 /* LaunchScreen.storyboard */,
				35A1E41D220BC91E00ECF3C9 /* Info.plist */,
				35A1E415220BC91800ECF3C9 /* _0190206_CalebRocha_NYCSchools.xcdatamodeld */,
				355F429B221B2600006F129F /* View Controllers */,
				355F429A221B25EA006F129F /* Models */,
			);
			path = "20190206-CalebRocha-NYCSchools";
			sourceTree = "<group>";
		};
		35A1E425220BC91F00ECF3C9 /* 20190206-CalebRocha-NYCSchoolsTests */ = {
			isa = PBXGroup;
			children = (
				35A1E426220BC91F00ECF3C9 /* _0190206_CalebRocha_NYCSchoolsTests.swift */,
				35A1E428220BC91F00ECF3C9 /* Info.plist */,
			);
			path = "20190206-CalebRocha-NYCSchoolsTests";
			sourceTree = "<group>";
		};
		35A1E430220BC91F00ECF3C9 /* 20190206-CalebRocha-NYCSchoolsUITests */ = {
			isa = PBXGroup;
			children = (
				35A1E431220BC91F00ECF3C9 /* _0190206_CalebRocha_NYCSchoolsUITests.swift */,
				35A1E433220BC91F00ECF3C9 /* Info.plist */,
			);
			path = "20190206-CalebRocha-NYCSchoolsUITests";
			sourceTree = "<group>";
		};
		DA31CF8888E21865F725478B /* Pods */ = {
			isa = PBXGroup;
			children = (
				D45EDEAE9E40AB5CA920CE70 /* Pods-20190206-CalebRocha-NYCSchools.debug.xcconfig */,
				AD6B4B91138D449BC67CA133 /* Pods-20190206-CalebRocha-NYCSchools.release.xcconfig */,
				AEA99F9DDCB002F6EB383E38 /* Pods-20190206-CalebRocha-NYCSchoolsTests.debug.xcconfig */,
				3A8571407218BCFEDA7E2A87 /* Pods-20190206-CalebRocha-NYCSchoolsTests.release.xcconfig */,
				50A03F54DD6F5F35E5ED9050 /* Pods-20190206-CalebRocha-NYCSchoolsUITests.debug.xcconfig */,
				A5F5BA207F48B58FCF68AEED /* Pods-20190206-CalebRocha-NYCSchoolsUITests.release.xcconfig */,
			);
			name = Pods;
			path = Pods;
			sourceTree = "<group>";
		};
		E855B10D8DBAAFC03EB45A93 /* Frameworks */ = {
			isa = PBXGroup;
			children = (
				879DF884CD2620477C333D9D /* Pods_20190206_CalebRocha_NYCSchools.framework */,
				75BB9A31B1B91C55E21CEBEB /* Pods_20190206_CalebRocha_NYCSchoolsTests.framework */,
				76026004AC22057E9B57F14B /* Pods_20190206_CalebRocha_NYCSchoolsUITests.framework */,
			);
			name = Frameworks;
			sourceTree = "<group>";
		};
/* End PBXGroup section */

/* Begin PBXNativeTarget section */
		35A1E40A220BC91800ECF3C9 /* 20190206-CalebRocha-NYCSchools */ = {
			isa = PBXNativeTarget;
			buildConfigurationList = 35A1E436220BC91F00ECF3C9 /* Build configuration list for PBXNativeTarget "20190206-CalebRocha-NYCSchools" */;
			buildPhases = (
				A3B6347D4EF165AECFBFE395 /* [CP] Check Pods Manifest.lock */,
				35A1E407220BC91800ECF3C9 /* Sources */,
				35A1E408220BC91800ECF3C9 /* Frameworks */,
				35A1E409220BC91800ECF3C9 /* Resources */,
				8FFE3DD71EAFCF2F662F588E /* [CP] Embed Pods Frameworks */,
			);
			buildRules = (
			);
			dependencies = (
			);
			name = "20190206-CalebRocha-NYCSchools";
			productName = "20190206-CalebRocha-NYCSchools";
			productReference = 35A1E40B220BC91800ECF3C9 /* 20190206-CalebRocha-NYCSchools.app */;
			productType = "com.apple.product-type.application";
		};
		35A1E421220BC91F00ECF3C9 /* 20190206-CalebRocha-NYCSchoolsTests */ = {
			isa = PBXNativeTarget;
			buildConfigurationList = 35A1E439220BC91F00ECF3C9 /* Build configuration list for PBXNativeTarget "20190206-CalebRocha-NYCSchoolsTests" */;
			buildPhases = (
				81AB04E6B72D550304541F15 /* [CP] Check Pods Manifest.lock */,
				35A1E41E220BC91F00ECF3C9 /* Sources */,
				35A1E41F220BC91F00ECF3C9 /* Frameworks */,
				35A1E420220BC91F00ECF3C9 /* Resources */,
			);
			buildRules = (
			);
			dependencies = (
				35A1E424220BC91F00ECF3C9 /* PBXTargetDependency */,
			);
			name = "20190206-CalebRocha-NYCSchoolsTests";
			productName = "20190206-CalebRocha-NYCSchoolsTests";
			productReference = 35A1E422220BC91F00ECF3C9 /* 20190206-CalebRocha-NYCSchoolsTests.xctest */;
			productType = "com.apple.product-type.bundle.unit-test";
		};
		35A1E42C220BC91F00ECF3C9 /* 20190206-CalebRocha-NYCSchoolsUITests */ = {
			isa = PBXNativeTarget;
			buildConfigurationList = 35A1E43C220BC91F00ECF3C9 /* Build configuration list for PBXNativeTarget "20190206-CalebRocha-NYCSchoolsUITests" */;
			buildPhases = (
				FB6CD97481E309F63D3E165D /* [CP] Check Pods Manifest.lock */,
				35A1E429220BC91F00ECF3C9 /* Sources */,
				35A1E42A220BC91F00ECF3C9 /* Frameworks */,
				35A1E42B220BC91F00ECF3C9 /* Resources */,
			);
			buildRules = (
			);
			dependencies = (
				35A1E42F220BC91F00ECF3C9 /* PBXTargetDependency */,
			);
			name = "20190206-CalebRocha-NYCSchoolsUITests";
			productName = "20190206-CalebRocha-NYCSchoolsUITests";
			productReference = 35A1E42D220BC91F00ECF3C9 /* 20190206-CalebRocha-NYCSchoolsUITests.xctest */;
			productType = "com.apple.product-type.bundle.ui-testing";
		};
/* End PBXNativeTarget section */

/* Begin PBXProject section */
		35A1E403220BC91800ECF3C9 /* Project object */ = {
			isa = PBXProject;
			attributes = {
				LastSwiftUpdateCheck = 1010;
				LastUpgradeCheck = 1010;
				ORGANIZATIONNAME = "Caleb Admin";
				TargetAttributes = {
					35A1E40A220BC91800ECF3C9 = {
						CreatedOnToolsVersion = 10.1;
					};
					35A1E421220BC91F00ECF3C9 = {
						CreatedOnToolsVersion = 10.1;
						TestTargetID = 35A1E40A220BC91800ECF3C9;
					};
					35A1E42C220BC91F00ECF3C9 = {
						CreatedOnToolsVersion = 10.1;
						TestTargetID = 35A1E40A220BC91800ECF3C9;
					};
				};
			};
			buildConfigurationList = 35A1E406220BC91800ECF3C9 /* Build configuration list for PBXProject "20190206-CalebRocha-NYCSchools" */;
			compatibilityVersion = "Xcode 9.3";
			developmentRegion = en;
			hasScannedForEncodings = 0;
			knownRegions = (
				en,
				Base,
			);
			mainGroup = 35A1E402220BC91800ECF3C9;
			productRefGroup = 35A1E40C220BC91800ECF3C9 /* Products */;
			projectDirPath = "";
			projectRoot = "";
			targets = (
				35A1E40A220BC91800ECF3C9 /* 20190206-CalebRocha-NYCSchools */,
				35A1E421220BC91F00ECF3C9 /* 20190206-CalebRocha-NYCSchoolsTests */,
				35A1E42C220BC91F00ECF3C9 /* 20190206-CalebRocha-NYCSchoolsUITests */,
			);
		};
/* End PBXProject section */

/* Begin PBXResourcesBuildPhase section */
		35A1E409220BC91800ECF3C9 /* Resources */ = {
			isa = PBXResourcesBuildPhase;
			buildActionMask = 2147483647;
			files = (
				35A1E41C220BC91E00ECF3C9 /* LaunchScreen.storyboard in Resources */,
				35A1E419220BC91E00ECF3C9 /* Assets.xcassets in Resources */,
				35A1E414220BC91800ECF3C9 /* Main.storyboard in Resources */,
			);
			runOnlyForDeploymentPostprocessing = 0;
		};
		35A1E420220BC91F00ECF3C9 /* Resources */ = {
			isa = PBXResourcesBuildPhase;
			buildActionMask = 2147483647;
			files = (
			);
			runOnlyForDeploymentPostprocessing = 0;
		};
		35A1E42B220BC91F00ECF3C9 /* Resources */ = {
			isa = PBXResourcesBuildPhase;
			buildActionMask = 2147483647;
			files = (
			);
			runOnlyForDeploymentPostprocessing = 0;
		};
/* End PBXResourcesBuildPhase section */

/* Begin PBXShellScriptBuildPhase section */
		81AB04E6B72D550304541F15 /* [CP] Check Pods Manifest.lock */ = {
			isa = PBXShellScriptBuildPhase;
			buildActionMask = 2147483647;
			files = (
			);
			inputFileListPaths = (
			);
			inputPaths = (
				"${PODS_PODFILE_DIR_PATH}/Podfile.lock",
				"${PODS_ROOT}/Manifest.lock",
			);
			name = "[CP] Check Pods Manifest.lock";
			outputFileListPaths = (
			);
			outputPaths = (
				"$(DERIVED_FILE_DIR)/Pods-20190206-CalebRocha-NYCSchoolsTests-checkManifestLockResult.txt",
			);
			runOnlyForDeploymentPostprocessing = 0;
			shellPath = /bin/sh;
			shellScript = "diff \"${PODS_PODFILE_DIR_PATH}/Podfile.lock\" \"${PODS_ROOT}/Manifest.lock\" > /dev/null\nif [ $? != 0 ] ; then\n    # print error to STDERR\n    echo \"error: The sandbox is not in sync with the Podfile.lock. Run 'pod install' or update your CocoaPods installation.\" >&2\n    exit 1\nfi\n# This output is used by Xcode 'outputs' to avoid re-running this script phase.\necho \"SUCCESS\" > \"${SCRIPT_OUTPUT_FILE_0}\"\n";
			showEnvVarsInLog = 0;
		};
		8FFE3DD71EAFCF2F662F588E /* [CP] Embed Pods Frameworks */ = {
			isa = PBXShellScriptBuildPhase;
			buildActionMask = 2147483647;
			files = (
			);
			inputFileListPaths = (
			);
			inputPaths = (
				"${PODS_ROOT}/Target Support Files/Pods-20190206-CalebRocha-NYCSchools/Pods-20190206-CalebRocha-NYCSchools-frameworks.sh",
				"${BUILT_PRODUCTS_DIR}/Alamofire/Alamofire.framework",
				"${BUILT_PRODUCTS_DIR}/SwiftyJSON/SwiftyJSON.framework",
			);
			name = "[CP] Embed Pods Frameworks";
			outputFileListPaths = (
			);
			outputPaths = (
				"${TARGET_BUILD_DIR}/${FRAMEWORKS_FOLDER_PATH}/Alamofire.framework",
				"${TARGET_BUILD_DIR}/${FRAMEWORKS_FOLDER_PATH}/SwiftyJSON.framework",
			);
			runOnlyForDeploymentPostprocessing = 0;
			shellPath = /bin/sh;
			shellScript = "\"${PODS_ROOT}/Target Support Files/Pods-20190206-CalebRocha-NYCSchools/Pods-20190206-CalebRocha-NYCSchools-frameworks.sh\"\n";
			showEnvVarsInLog = 0;
		};
		A3B6347D4EF165AECFBFE395 /* [CP] Check Pods Manifest.lock */ = {
			isa = PBXShellScriptBuildPhase;
			buildActionMask = 2147483647;
			files = (
			);
			inputFileListPaths = (
			);
			inputPaths = (
				"${PODS_PODFILE_DIR_PATH}/Podfile.lock",
				"${PODS_ROOT}/Manifest.lock",
			);
			name = "[CP] Check Pods Manifest.lock";
			outputFileListPaths = (
			);
			outputPaths = (
				"$(DERIVED_FILE_DIR)/Pods-20190206-CalebRocha-NYCSchools-checkManifestLockResult.txt",
			);
			runOnlyForDeploymentPostprocessing = 0;
			shellPath = /bin/sh;
			shellScript = "diff \"${PODS_PODFILE_DIR_PATH}/Podfile.lock\" \"${PODS_ROOT}/Manifest.lock\" > /dev/null\nif [ $? != 0 ] ; then\n    # print error to STDERR\n    echo \"error: The sandbox is not in sync with the Podfile.lock. Run 'pod install' or update your CocoaPods installation.\" >&2\n    exit 1\nfi\n# This output is used by Xcode 'outputs' to avoid re-running this script phase.\necho \"SUCCESS\" > \"${SCRIPT_OUTPUT_FILE_0}\"\n";
			showEnvVarsInLog = 0;
		};
		FB6CD97481E309F63D3E165D /* [CP] Check Pods Manifest.lock */ = {
			isa = PBXShellScriptBuildPhase;
			buildActionMask = 2147483647;
			files = (
			);
			inputFileListPaths = (
			);
			inputPaths = (
				"${PODS_PODFILE_DIR_PATH}/Podfile.lock",
				"${PODS_ROOT}/Manifest.lock",
			);
			name = "[CP] Check Pods Manifest.lock";
			outputFileListPaths = (
			);
			outputPaths = (
				"$(DERIVED_FILE_DIR)/Pods-20190206-CalebRocha-NYCSchoolsUITests-checkManifestLockResult.txt",
			);
			runOnlyForDeploymentPostprocessing = 0;
			shellPath = /bin/sh;
			shellScript = "diff \"${PODS_PODFILE_DIR_PATH}/Podfile.lock\" \"${PODS_ROOT}/Manifest.lock\" > /dev/null\nif [ $? != 0 ] ; then\n    # print error to STDERR\n    echo \"error: The sandbox is not in sync with the Podfile.lock. Run 'pod install' or update your CocoaPods installation.\" >&2\n    exit 1\nfi\n# This output is used by Xcode 'outputs' to avoid re-running this script phase.\necho \"SUCCESS\" > \"${SCRIPT_OUTPUT_FILE_0}\"\n";
			showEnvVarsInLog = 0;
		};
/* End PBXShellScriptBuildPhase section */

/* Begin PBXSourcesBuildPhase section */
		35A1E407220BC91800ECF3C9 /* Sources */ = {
			isa = PBXSourcesBuildPhase;
			buildActionMask = 2147483647;
			files = (
				355F4299221B2545006F129F /* BasicSchool.swift in Sources */,
				35B55AB2221CA5E2000400B1 /* SingleWebViewController.swift in Sources */,
				35A1E417220BC91800ECF3C9 /* _0190206_CalebRocha_NYCSchools.xcdatamodeld in Sources */,
				35A1E40F220BC91800ECF3C9 /* AppDelegate.swift in Sources */,
				355F4295221B24C2006F129F /* BasicSchoolViewController.swift in Sources */,
				355F4297221B24D4006F129F /* DetailedSchoolViewController.swift in Sources */,
			);
			runOnlyForDeploymentPostprocessing = 0;
		};
		35A1E41E220BC91F00ECF3C9 /* Sources */ = {
			isa = PBXSourcesBuildPhase;
			buildActionMask = 2147483647;
			files = (
				35A1E427220BC91F00ECF3C9 /* _0190206_CalebRocha_NYCSchoolsTests.swift in Sources */,
			);
			runOnlyForDeploymentPostprocessing = 0;
		};
		35A1E429220BC91F00ECF3C9 /* Sources */ = {
			isa = PBXSourcesBuildPhase;
			buildActionMask = 2147483647;
			files = (
				35A1E432220BC91F00ECF3C9 /* _0190206_CalebRocha_NYCSchoolsUITests.swift in Sources */,
			);
			runOnlyForDeploymentPostprocessing = 0;
		};
/* End PBXSourcesBuildPhase section */

/* Begin PBXTargetDependency section */
		35A1E424220BC91F00ECF3C9 /* PBXTargetDependency */ = {
			isa = PBXTargetDependency;
			target = 35A1E40A220BC91800ECF3C9 /* 20190206-CalebRocha-NYCSchools */;
			targetProxy = 35A1E423220BC91F00ECF3C9 /* PBXContainerItemProxy */;
		};
		35A1E42F220BC91F00ECF3C9 /* PBXTargetDependency */ = {
			isa = PBXTargetDependency;
			target = 35A1E40A220BC91800ECF3C9 /* 20190206-CalebRocha-NYCSchools */;
			targetProxy = 35A1E42E220BC91F00ECF3C9 /* PBXContainerItemProxy */;
		};
/* End PBXTargetDependency section */

/* Begin PBXVariantGroup section */
		35A1E412220BC91800ECF3C9 /* Main.storyboard */ = {
			isa = PBXVariantGroup;
			children = (
				35A1E413220BC91800ECF3C9 /* Base */,
			);
			name = Main.storyboard;
			sourceTree = "<group>";
		};
		35A1E41A220BC91E00ECF3C9 /* LaunchScreen.storyboard */ = {
			isa = PBXVariantGroup;
			children = (
				35A1E41B220BC91E00ECF3C9 /* Base */,
			);
			name = LaunchScreen.storyboard;
			sourceTree = "<group>";
		};
/* End PBXVariantGroup section */

/* Begin XCBuildConfiguration section */
		35A1E434220BC91F00ECF3C9 /* Debug */ = {
			isa = XCBuildConfiguration;
			buildSettings = {
				ALWAYS_SEARCH_USER_PATHS = NO;
				CLANG_ANALYZER_NONNULL = YES;
				CLANG_ANALYZER_NUMBER_OBJECT_CONVERSION = YES_AGGRESSIVE;
				CLANG_CXX_LANGUAGE_STANDARD = "gnu++14";
				CLANG_CXX_LIBRARY = "libc++";
				CLANG_ENABLE_MODULES = YES;
				CLANG_ENABLE_OBJC_ARC = YES;
				CLANG_ENABLE_OBJC_WEAK = YES;
				CLANG_WARN_BLOCK_CAPTURE_AUTORELEASING = YES;
				CLANG_WARN_BOOL_CONVERSION = YES;
				CLANG_WARN_COMMA = YES;
				CLANG_WARN_CONSTANT_CONVERSION = YES;
				CLANG_WARN_DEPRECATED_OBJC_IMPLEMENTATIONS = YES;
				CLANG_WARN_DIRECT_OBJC_ISA_USAGE = YES_ERROR;
				CLANG_WARN_DOCUMENTATION_COMMENTS = YES;
				CLANG_WARN_EMPTY_BODY = YES;
				CLANG_WARN_ENUM_CONVERSION = YES;
				CLANG_WARN_INFINITE_RECURSION = YES;
				CLANG_WARN_INT_CONVERSION = YES;
				CLANG_WARN_NON_LITERAL_NULL_CONVERSION = YES;
				CLANG_WARN_OBJC_IMPLICIT_RETAIN_SELF = YES;
				CLANG_WARN_OBJC_LITERAL_CONVERSION = YES;
				CLANG_WARN_OBJC_ROOT_CLASS = YES_ERROR;
				CLANG_WARN_RANGE_LOOP_ANALYSIS = YES;
				CLANG_WARN_STRICT_PROTOTYPES = YES;
				CLANG_WARN_SUSPICIOUS_MOVE = YES;
				CLANG_WARN_UNGUARDED_AVAILABILITY = YES_AGGRESSIVE;
				CLANG_WARN_UNREACHABLE_CODE = YES;
				CLANG_WARN__DUPLICATE_METHOD_MATCH = YES;
				CODE_SIGN_IDENTITY = "iPhone Developer";
				COPY_PHASE_STRIP = NO;
				DEBUG_INFORMATION_FORMAT = dwarf;
				ENABLE_STRICT_OBJC_MSGSEND = YES;
				ENABLE_TESTABILITY = YES;
				GCC_C_LANGUAGE_STANDARD = gnu11;
				GCC_DYNAMIC_NO_PIC = NO;
				GCC_NO_COMMON_BLOCKS = YES;
				GCC_OPTIMIZATION_LEVEL = 0;
				GCC_PREPROCESSOR_DEFINITIONS = (
					"DEBUG=1",
					"$(inherited)",
				);
				GCC_WARN_64_TO_32_BIT_CONVERSION = YES;
				GCC_WARN_ABOUT_RETURN_TYPE = YES_ERROR;
				GCC_WARN_UNDECLARED_SELECTOR = YES;
				GCC_WARN_UNINITIALIZED_AUTOS = YES_AGGRESSIVE;
				GCC_WARN_UNUSED_FUNCTION = YES;
				GCC_WARN_UNUSED_VARIABLE = YES;
				IPHONEOS_DEPLOYMENT_TARGET = 12.1;
				MTL_ENABLE_DEBUG_INFO = INCLUDE_SOURCE;
				MTL_FAST_MATH = YES;
				ONLY_ACTIVE_ARCH = YES;
				SDKROOT = iphoneos;
				SWIFT_ACTIVE_COMPILATION_CONDITIONS = DEBUG;
				SWIFT_OPTIMIZATION_LEVEL = "-Onone";
			};
			name = Debug;
		};
		35A1E435220BC91F00ECF3C9 /* Release */ = {
			isa = XCBuildConfiguration;
			buildSettings = {
				ALWAYS_SEARCH_USER_PATHS = NO;
				CLANG_ANALYZER_NONNULL = YES;
				CLANG_ANALYZER_NUMBER_OBJECT_CONVERSION = YES_AGGRESSIVE;
				CLANG_CXX_LANGUAGE_STANDARD = "gnu++14";
				CLANG_CXX_LIBRARY = "libc++";
				CLANG_ENABLE_MODULES = YES;
				CLANG_ENABLE_OBJC_ARC = YES;
				CLANG_ENABLE_OBJC_WEAK = YES;
				CLANG_WARN_BLOCK_CAPTURE_AUTORELEASING = YES;
				CLANG_WARN_BOOL_CONVERSION = YES;
				CLANG_WARN_COMMA = YES;
				CLANG_WARN_CONSTANT_CONVERSION = YES;
				CLANG_WARN_DEPRECATED_OBJC_IMPLEMENTATIONS = YES;
				CLANG_WARN_DIRECT_OBJC_ISA_USAGE = YES_ERROR;
				CLANG_WARN_DOCUMENTATION_COMMENTS = YES;
				CLANG_WARN_EMPTY_BODY = YES;
				CLANG_WARN_ENUM_CONVERSION = YES;
				CLANG_WARN_INFINITE_RECURSION = YES;
				CLANG_WARN_INT_CONVERSION = YES;
				CLANG_WARN_NON_LITERAL_NULL_CONVERSION = YES;
				CLANG_WARN_OBJC_IMPLICIT_RETAIN_SELF = YES;
				CLANG_WARN_OBJC_LITERAL_CONVERSION = YES;
				CLANG_WARN_OBJC_ROOT_CLASS = YES_ERROR;
				CLANG_WARN_RANGE_LOOP_ANALYSIS = YES;
				CLANG_WARN_STRICT_PROTOTYPES = YES;
				CLANG_WARN_SUSPICIOUS_MOVE = YES;
				CLANG_WARN_UNGUARDED_AVAILABILITY = YES_AGGRESSIVE;
				CLANG_WARN_UNREACHABLE_CODE = YES;
				CLANG_WARN__DUPLICATE_METHOD_MATCH = YES;
				CODE_SIGN_IDENTITY = "iPhone Developer";
				COPY_PHASE_STRIP = NO;
				DEBUG_INFORMATION_FORMAT = "dwarf-with-dsym";
				ENABLE_NS_ASSERTIONS = NO;
				ENABLE_STRICT_OBJC_MSGSEND = YES;
				GCC_C_LANGUAGE_STANDARD = gnu11;
				GCC_NO_COMMON_BLOCKS = YES;
				GCC_WARN_64_TO_32_BIT_CONVERSION = YES;
				GCC_WARN_ABOUT_RETURN_TYPE = YES_ERROR;
				GCC_WARN_UNDECLARED_SELECTOR = YES;
				GCC_WARN_UNINITIALIZED_AUTOS = YES_AGGRESSIVE;
				GCC_WARN_UNUSED_FUNCTION = YES;
				GCC_WARN_UNUSED_VARIABLE = YES;
				IPHONEOS_DEPLOYMENT_TARGET = 12.1;
				MTL_ENABLE_DEBUG_INFO = NO;
				MTL_FAST_MATH = YES;
				SDKROOT = iphoneos;
				SWIFT_COMPILATION_MODE = wholemodule;
				SWIFT_OPTIMIZATION_LEVEL = "-O";
				VALIDATE_PRODUCT = YES;
			};
			name = Release;
		};
		35A1E437220BC91F00ECF3C9 /* Debug */ = {
			isa = XCBuildConfiguration;
			baseConfigurationReference = D45EDEAE9E40AB5CA920CE70 /* Pods-20190206-CalebRocha-NYCSchools.debug.xcconfig */;
			buildSettings = {
				ASSETCATALOG_COMPILER_APPICON_NAME = AppIcon;
				CODE_SIGN_STYLE = Automatic;
				INFOPLIST_FILE = "20190206-CalebRocha-NYCSchools/Info.plist";
				LD_RUNPATH_SEARCH_PATHS = (
					"$(inherited)",
					"@executable_path/Frameworks",
				);
				PRODUCT_BUNDLE_IDENTIFIER = "-0190206-CalebRocha-NYCSchools.-0190206-CalebRocha-NYCSchools";
				PRODUCT_NAME = "$(TARGET_NAME)";
				SWIFT_VERSION = 4.2;
				TARGETED_DEVICE_FAMILY = "1,2";
			};
			name = Debug;
		};
		35A1E438220BC91F00ECF3C9 /* Release */ = {
			isa = XCBuildConfiguration;
			baseConfigurationReference = AD6B4B91138D449BC67CA133 /* Pods-20190206-CalebRocha-NYCSchools.release.xcconfig */;
			buildSettings = {
				ASSETCATALOG_COMPILER_APPICON_NAME = AppIcon;
				CODE_SIGN_STYLE = Automatic;
				INFOPLIST_FILE = "20190206-CalebRocha-NYCSchools/Info.plist";
				LD_RUNPATH_SEARCH_PATHS = (
					"$(inherited)",
					"@executable_path/Frameworks",
				);
				PRODUCT_BUNDLE_IDENTIFIER = "-0190206-CalebRocha-NYCSchools.-0190206-CalebRocha-NYCSchools";
				PRODUCT_NAME = "$(TARGET_NAME)";
				SWIFT_VERSION = 4.2;
				TARGETED_DEVICE_FAMILY = "1,2";
			};
			name = Release;
		};
		35A1E43A220BC91F00ECF3C9 /* Debug */ = {
			isa = XCBuildConfiguration;
			baseConfigurationReference = AEA99F9DDCB002F6EB383E38 /* Pods-20190206-CalebRocha-NYCSchoolsTests.debug.xcconfig */;
			buildSettings = {
				ALWAYS_EMBED_SWIFT_STANDARD_LIBRARIES = YES;
				BUNDLE_LOADER = "$(TEST_HOST)";
				CODE_SIGN_STYLE = Automatic;
				INFOPLIST_FILE = "20190206-CalebRocha-NYCSchoolsTests/Info.plist";
				LD_RUNPATH_SEARCH_PATHS = (
					"$(inherited)",
					"@executable_path/Frameworks",
					"@loader_path/Frameworks",
				);
				PRODUCT_BUNDLE_IDENTIFIER = "-0190206-CalebRocha-NYCSchools.-0190206-CalebRocha-NYCSchoolsTests";
				PRODUCT_NAME = "$(TARGET_NAME)";
				SWIFT_VERSION = 4.2;
				TARGETED_DEVICE_FAMILY = "1,2";
				TEST_HOST = "$(BUILT_PRODUCTS_DIR)/20190206-CalebRocha-NYCSchools.app/20190206-CalebRocha-NYCSchools";
			};
			name = Debug;
		};
		35A1E43B220BC91F00ECF3C9 /* Release */ = {
			isa = XCBuildConfiguration;
			baseConfigurationReference = 3A8571407218BCFEDA7E2A87 /* Pods-20190206-CalebRocha-NYCSchoolsTests.release.xcconfig */;
			buildSettings = {
				ALWAYS_EMBED_SWIFT_STANDARD_LIBRARIES = YES;
				BUNDLE_LOADER = "$(TEST_HOST)";
				CODE_SIGN_STYLE = Automatic;
				INFOPLIST_FILE = "20190206-CalebRocha-NYCSchoolsTests/Info.plist";
				LD_RUNPATH_SEARCH_PATHS = (
					"$(inherited)",
					"@executable_path/Frameworks",
					"@loader_path/Frameworks",
				);
				PRODUCT_BUNDLE_IDENTIFIER = "-0190206-CalebRocha-NYCSchools.-0190206-CalebRocha-NYCSchoolsTests";
				PRODUCT_NAME = "$(TARGET_NAME)";
				SWIFT_VERSION = 4.2;
				TARGETED_DEVICE_FAMILY = "1,2";
				TEST_HOST = "$(BUILT_PRODUCTS_DIR)/20190206-CalebRocha-NYCSchools.app/20190206-CalebRocha-NYCSchools";
			};
			name = Release;
		};
		35A1E43D220BC91F00ECF3C9 /* Debug */ = {
			isa = XCBuildConfiguration;
			baseConfigurationReference = 50A03F54DD6F5F35E5ED9050 /* Pods-20190206-CalebRocha-NYCSchoolsUITests.debug.xcconfig */;
			buildSettings = {
				ALWAYS_EMBED_SWIFT_STANDARD_LIBRARIES = YES;
				CODE_SIGN_STYLE = Automatic;
				INFOPLIST_FILE = "20190206-CalebRocha-NYCSchoolsUITests/Info.plist";
				LD_RUNPATH_SEARCH_PATHS = (
					"$(inherited)",
					"@executable_path/Frameworks",
					"@loader_path/Frameworks",
				);
				PRODUCT_BUNDLE_IDENTIFIER = "-0190206-CalebRocha-NYCSchools.-0190206-CalebRocha-NYCSchoolsUITests";
				PRODUCT_NAME = "$(TARGET_NAME)";
				SWIFT_VERSION = 4.2;
				TARGETED_DEVICE_FAMILY = "1,2";
				TEST_TARGET_NAME = "20190206-CalebRocha-NYCSchools";
			};
			name = Debug;
		};
		35A1E43E220BC91F00ECF3C9 /* Release */ = {
			isa = XCBuildConfiguration;
			baseConfigurationReference = A5F5BA207F48B58FCF68AEED /* Pods-20190206-CalebRocha-NYCSchoolsUITests.release.xcconfig */;
			buildSettings = {
				ALWAYS_EMBED_SWIFT_STANDARD_LIBRARIES = YES;
				CODE_SIGN_STYLE = Automatic;
				INFOPLIST_FILE = "20190206-CalebRocha-NYCSchoolsUITests/Info.plist";
				LD_RUNPATH_SEARCH_PATHS = (
					"$(inherited)",
					"@executable_path/Frameworks",
					"@loader_path/Frameworks",
				);
				PRODUCT_BUNDLE_IDENTIFIER = "-0190206-CalebRocha-NYCSchools.-0190206-CalebRocha-NYCSchoolsUITests";
				PRODUCT_NAME = "$(TARGET_NAME)";
				SWIFT_VERSION = 4.2;
				TARGETED_DEVICE_FAMILY = "1,2";
				TEST_TARGET_NAME = "20190206-CalebRocha-NYCSchools";
			};
			name = Release;
		};
/* End XCBuildConfiguration section */

/* Begin XCConfigurationList section */
		35A1E406220BC91800ECF3C9 /* Build configuration list for PBXProject "20190206-CalebRocha-NYCSchools" */ = {
			isa = XCConfigurationList;
			buildConfigurations = (
				35A1E434220BC91F00ECF3C9 /* Debug */,
				35A1E435220BC91F00ECF3C9 /* Release */,
			);
			defaultConfigurationIsVisible = 0;
			defaultConfigurationName = Release;
		};
		35A1E436220BC91F00ECF3C9 /* Build configuration list for PBXNativeTarget "20190206-CalebRocha-NYCSchools" */ = {
			isa = XCConfigurationList;
			buildConfigurations = (
				35A1E437220BC91F00ECF3C9 /* Debug */,
				35A1E438220BC91F00ECF3C9 /* Release */,
			);
			defaultConfigurationIsVisible = 0;
			defaultConfigurationName = Release;
		};
		35A1E439220BC91F00ECF3C9 /* Build configuration list for PBXNativeTarget "20190206-CalebRocha-NYCSchoolsTests" */ = {
			isa = XCConfigurationList;
			buildConfigurations = (
				35A1E43A220BC91F00ECF3C9 /* Debug */,
				35A1E43B220BC91F00ECF3C9 /* Release */,
			);
			defaultConfigurationIsVisible = 0;
			defaultConfigurationName = Release;
		};
		35A1E43C220BC91F00ECF3C9 /* Build configuration list for PBXNativeTarget "20190206-CalebRocha-NYCSchoolsUITests" */ = {
			isa = XCConfigurationList;
			buildConfigurations = (
				35A1E43D220BC91F00ECF3C9 /* Debug */,
				35A1E43E220BC91F00ECF3C9 /* Release */,
			);
			defaultConfigurationIsVisible = 0;
			defaultConfigurationName = Release;
		};
/* End XCConfigurationList section */

/* Begin XCVersionGroup section */
		35A1E415220BC91800ECF3C9 /* _0190206_CalebRocha_NYCSchools.xcdatamodeld */ = {
			isa = XCVersionGroup;
			children = (
				35A1E416220BC91800ECF3C9 /* _0190206_CalebRocha_NYCSchools.xcdatamodel */,
			);
			currentVersion = 35A1E416220BC91800ECF3C9 /* _0190206_CalebRocha_NYCSchools.xcdatamodel */;
			path = _0190206_CalebRocha_NYCSchools.xcdatamodeld;
			sourceTree = "<group>";
			versionGroupType = wrapper.xcdatamodel;
		};
/* End XCVersionGroup section */
	};
	rootObject = 35A1E403220BC91800ECF3C9 /* Project object */;
}
